// !$*UTF8*$!
{
	archiveVersion = 1;
	classes = {
	};
	objectVersion = 55;
	objects = {

/* Begin PBXBuildFile section */
		E5E60950285FA392009EAB35 /* Tests_iOS.swift in Sources */ = {isa = PBXBuildFile; fileRef = E5E6094F285FA392009EAB35 /* Tests_iOS.swift */; };
		E5E60952285FA392009EAB35 /* Tests_iOSLaunchTests.swift in Sources */ = {isa = PBXBuildFile; fileRef = E5E60951285FA392009EAB35 /* Tests_iOSLaunchTests.swift */; };
		E5E6095C285FA392009EAB35 /* Tests_macOS.swift in Sources */ = {isa = PBXBuildFile; fileRef = E5E6095B285FA392009EAB35 /* Tests_macOS.swift */; };
		E5E6095E285FA392009EAB35 /* Tests_macOSLaunchTests.swift in Sources */ = {isa = PBXBuildFile; fileRef = E5E6095D285FA392009EAB35 /* Tests_macOSLaunchTests.swift */; };
		E5E6095F285FA392009EAB35 /* firstApp.swift in Sources */ = {isa = PBXBuildFile; fileRef = E5E60937285FA38F009EAB35 /* firstApp.swift */; };
		E5E60960285FA392009EAB35 /* firstApp.swift in Sources */ = {isa = PBXBuildFile; fileRef = E5E60937285FA38F009EAB35 /* firstApp.swift */; };
		E5E60961285FA392009EAB35 /* ContentView.swift in Sources */ = {isa = PBXBuildFile; fileRef = E5E60938285FA38F009EAB35 /* ContentView.swift */; };
		E5E60962285FA392009EAB35 /* ContentView.swift in Sources */ = {isa = PBXBuildFile; fileRef = E5E60938285FA38F009EAB35 /* ContentView.swift */; };
		E5E60963285FA392009EAB35 /* Assets.xcassets in Resources */ = {isa = PBXBuildFile; fileRef = E5E60939285FA392009EAB35 /* Assets.xcassets */; };
		E5E60964285FA392009EAB35 /* Assets.xcassets in Resources */ = {isa = PBXBuildFile; fileRef = E5E60939285FA392009EAB35 /* Assets.xcassets */; };
/* End PBXBuildFile section */

/* Begin PBXContainerItemProxy section */
		E5E6094C285FA392009EAB35 /* PBXContainerItemProxy */ = {
			isa = PBXContainerItemProxy;
			containerPortal = E5E60932285FA38F009EAB35 /* Project object */;
			proxyType = 1;
			remoteGlobalIDString = E5E6093D285FA392009EAB35;
			remoteInfo = "first (iOS)";
		};
		E5E60958285FA392009EAB35 /* PBXContainerItemProxy */ = {
			isa = PBXContainerItemProxy;
			containerPortal = E5E60932285FA38F009EAB35 /* Project object */;
			proxyType = 1;
			remoteGlobalIDString = E5E60943285FA392009EAB35;
			remoteInfo = "first (macOS)";
		};
/* End PBXContainerItemProxy section */

/* Begin PBXFileReference section */
		E5E60937285FA38F009EAB35 /* firstApp.swift */ = {isa = PBXFileReference; lastKnownFileType = sourcecode.swift; path = firstApp.swift; sourceTree = "<group>"; };
		E5E60938285FA38F009EAB35 /* ContentView.swift */ = {isa = PBXFileReference; lastKnownFileType = sourcecode.swift; path = ContentView.swift; sourceTree = "<group>"; };
		E5E60939285FA392009EAB35 /* Assets.xcassets */ = {isa = PBXFileReference; lastKnownFileType = folder.assetcatalog; path = Assets.xcassets; sourceTree = "<group>"; };
		E5E6093E285FA392009EAB35 /* first.app */ = {isa = PBXFileReference; explicitFileType = wrapper.application; includeInIndex = 0; path = first.app; sourceTree = BUILT_PRODUCTS_DIR; };
		E5E60944285FA392009EAB35 /* first.app */ = {isa = PBXFileReference; explicitFileType = wrapper.application; includeInIndex = 0; path = first.app; sourceTree = BUILT_PRODUCTS_DIR; };
		E5E60946285FA392009EAB35 /* macOS.entitlements */ = {isa = PBXFileReference; lastKnownFileType = text.plist.entitlements; path = macOS.entitlements; sourceTree = "<group>"; };
		E5E6094B285FA392009EAB35 /* Tests iOS.xctest */ = {isa = PBXFileReference; explicitFileType = wrapper.cfbundle; includeInIndex = 0; path = "Tests iOS.xctest"; sourceTree = BUILT_PRODUCTS_DIR; };
		E5E6094F285FA392009EAB35 /* Tests_iOS.swift */ = {isa = PBXFileReference; lastKnownFileType = sourcecode.swift; path = Tests_iOS.swift; sourceTree = "<group>"; };
		E5E60951285FA392009EAB35 /* Tests_iOSLaunchTests.swift */ = {isa = PBXFileReference; lastKnownFileType = sourcecode.swift; path = Tests_iOSLaunchTests.swift; sourceTree = "<group>"; };
		E5E60957285FA392009EAB35 /* Tests macOS.xctest */ = {isa = PBXFileReference; explicitFileType = wrapper.cfbundle; includeInIndex = 0; path = "Tests macOS.xctest"; sourceTree = BUILT_PRODUCTS_DIR; };
		E5E6095B285FA392009EAB35 /* Tests_macOS.swift */ = {isa = PBXFileReference; lastKnownFileType = sourcecode.swift; path = Tests_macOS.swift; sourceTree = "<group>"; };
		E5E6095D285FA392009EAB35 /* Tests_macOSLaunchTests.swift */ = {isa = PBXFileReference; lastKnownFileType = sourcecode.swift; path = Tests_macOSLaunchTests.swift; sourceTree = "<group>"; };
/* End PBXFileReference section */

/* Begin PBXFrameworksBuildPhase section */
		E5E6093B285FA392009EAB35 /* Frameworks */ = {
			isa = PBXFrameworksBuildPhase;
			buildActionMask = 2147483647;
			files = (
			);
			runOnlyForDeploymentPostprocessing = 0;
		};
		E5E60941285FA392009EAB35 /* Frameworks */ = {
			isa = PBXFrameworksBuildPhase;
			buildActionMask = 2147483647;
			files = (
			);
			runOnlyForDeploymentPostprocessing = 0;
		};
		E5E60948285FA392009EAB35 /* Frameworks */ = {
			isa = PBXFrameworksBuildPhase;
			buildActionMask = 2147483647;
			files = (
			);
			runOnlyForDeploymentPostprocessing = 0;
		};
		E5E60954285FA392009EAB35 /* Frameworks */ = {
			isa = PBXFrameworksBuildPhase;
			buildActionMask = 2147483647;
			files = (
			);
			runOnlyForDeploymentPostprocessing = 0;
		};
/* End PBXFrameworksBuildPhase section */

/* Begin PBXGroup section */
		E5E60931285FA38F009EAB35 = {
			isa = PBXGroup;
			children = (
				E5E60936285FA38F009EAB35 /* Shared */,
				E5E60945285FA392009EAB35 /* macOS */,
				E5E6094E285FA392009EAB35 /* Tests iOS */,
				E5E6095A285FA392009EAB35 /* Tests macOS */,
				E5E6093F285FA392009EAB35 /* Products */,
			);
			sourceTree = "<group>";
		};
		E5E60936285FA38F009EAB35 /* Shared */ = {
			isa = PBXGroup;
			children = (
				E5E60937285FA38F009EAB35 /* firstApp.swift */,
				E5E60938285FA38F009EAB35 /* ContentView.swift */,
				E5E60939285FA392009EAB35 /* Assets.xcassets */,
			);
			path = Shared;
			sourceTree = "<group>";
		};
		E5E6093F285FA392009EAB35 /* Products */ = {
			isa = PBXGroup;
			children = (
				E5E6093E285FA392009EAB35 /* first.app */,
				E5E60944285FA392009EAB35 /* first.app */,
				E5E6094B285FA392009EAB35 /* Tests iOS.xctest */,
				E5E60957285FA392009EAB35 /* Tests macOS.xctest */,
			);
			name = Products;
			sourceTree = "<group>";
		};
		E5E60945285FA392009EAB35 /* macOS */ = {
			isa = PBXGroup;
			children = (
				E5E60946285FA392009EAB35 /* macOS.entitlements */,
			);
			path = macOS;
			sourceTree = "<group>";
		};
		E5E6094E285FA392009EAB35 /* Tests iOS */ = {
			isa = PBXGroup;
			children = (
				E5E6094F285FA392009EAB35 /* Tests_iOS.swift */,
				E5E60951285FA392009EAB35 /* Tests_iOSLaunchTests.swift */,
			);
			path = "Tests iOS";
			sourceTree = "<group>";
		};
		E5E6095A285FA392009EAB35 /* Tests macOS */ = {
			isa = PBXGroup;
			children = (
				E5E6095B285FA392009EAB35 /* Tests_macOS.swift */,
				E5E6095D285FA392009EAB35 /* Tests_macOSLaunchTests.swift */,
			);
			path = "Tests macOS";
			sourceTree = "<group>";
		};
/* End PBXGroup section */

/* Begin PBXNativeTarget section */
		E5E6093D285FA392009EAB35 /* first (iOS) */ = {
			isa = PBXNativeTarget;
			buildConfigurationList = E5E60967285FA392009EAB35 /* Build configuration list for PBXNativeTarget "first (iOS)" */;
			buildPhases = (
				E5E6093A285FA392009EAB35 /* Sources */,
				E5E6093B285FA392009EAB35 /* Frameworks */,
				E5E6093C285FA392009EAB35 /* Resources */,
			);
			buildRules = (
			);
			dependencies = (
			);
			name = "first (iOS)";
			productName = "first (iOS)";
			productReference = E5E6093E285FA392009EAB35 /* first.app */;
			productType = "com.apple.product-type.application";
		};
		E5E60943285FA392009EAB35 /* first (macOS) */ = {
			isa = PBXNativeTarget;
			buildConfigurationList = E5E6096A285FA392009EAB35 /* Build configuration list for PBXNativeTarget "first (macOS)" */;
			buildPhases = (
				E5E60940285FA392009EAB35 /* Sources */,
				E5E60941285FA392009EAB35 /* Frameworks */,
				E5E60942285FA392009EAB35 /* Resources */,
			);
			buildRules = (
			);
			dependencies = (
			);
			name = "first (macOS)";
			productName = "first (macOS)";
			productReference = E5E60944285FA392009EAB35 /* first.app */;
			productType = "com.apple.product-type.application";
		};
		E5E6094A285FA392009EAB35 /* Tests iOS */ = {
			isa = PBXNativeTarget;
			buildConfigurationList = E5E6096D285FA392009EAB35 /* Build configuration list for PBXNativeTarget "Tests iOS" */;
			buildPhases = (
				E5E60947285FA392009EAB35 /* Sources */,
				E5E60948285FA392009EAB35 /* Frameworks */,
				E5E60949285FA392009EAB35 /* Resources */,
			);
			buildRules = (
			);
			dependencies = (
				E5E6094D285FA392009EAB35 /* PBXTargetDependency */,
			);
			name = "Tests iOS";
			productName = "Tests iOS";
			productReference = E5E6094B285FA392009EAB35 /* Tests iOS.xctest */;
			productType = "com.apple.product-type.bundle.ui-testing";
		};
		E5E60956285FA392009EAB35 /* Tests macOS */ = {
			isa = PBXNativeTarget;
			buildConfigurationList = E5E60970285FA392009EAB35 /* Build configuration list for PBXNativeTarget "Tests macOS" */;
			buildPhases = (
				E5E60953285FA392009EAB35 /* Sources */,
				E5E60954285FA392009EAB35 /* Frameworks */,
				E5E60955285FA392009EAB35 /* Resources */,
			);
			buildRules = (
			);
			dependencies = (
				E5E60959285FA392009EAB35 /* PBXTargetDependency */,
			);
			name = "Tests macOS";
			productName = "Tests macOS";
			productReference = E5E60957285FA392009EAB35 /* Tests macOS.xctest */;
			productType = "com.apple.product-type.bundle.ui-testing";
		};
/* End PBXNativeTarget section */

/* Begin PBXProject section */
		E5E60932285FA38F009EAB35 /* Project object */ = {
			isa = PBXProject;
			attributes = {
				BuildIndependentTargetsInParallel = 1;
				LastSwiftUpdateCheck = 1340;
				LastUpgradeCheck = 1340;
				TargetAttributes = {
					E5E6093D285FA392009EAB35 = {
						CreatedOnToolsVersion = 13.4.1;
					};
					E5E60943285FA392009EAB35 = {
						CreatedOnToolsVersion = 13.4.1;
					};
					E5E6094A285FA392009EAB35 = {
						CreatedOnToolsVersion = 13.4.1;
						TestTargetID = E5E6093D285FA392009EAB35;
					};
					E5E60956285FA392009EAB35 = {
						CreatedOnToolsVersion = 13.4.1;
						TestTargetID = E5E60943285FA392009EAB35;
					};
				};
			};
			buildConfigurationList = E5E60935285FA38F009EAB35 /* Build configuration list for PBXProject "first" */;
			compatibilityVersion = "Xcode 13.0";
			developmentRegion = en;
			hasScannedForEncodings = 0;
			knownRegions = (
				en,
				Base,
			);
			mainGroup = E5E60931285FA38F009EAB35;
			productRefGroup = E5E6093F285FA392009EAB35 /* Products */;
			projectDirPath = "";
			projectRoot = "";
			targets = (
				E5E6093D285FA392009EAB35 /* first (iOS) */,
				E5E60943285FA392009EAB35 /* first (macOS) */,
				E5E6094A285FA392009EAB35 /* Tests iOS */,
				E5E60956285FA392009EAB35 /* Tests macOS */,
			);
		};
/* End PBXProject section */

/* Begin PBXResourcesBuildPhase section */
		E5E6093C285FA392009EAB35 /* Resources */ = {
			isa = PBXResourcesBuildPhase;
			buildActionMask = 2147483647;
			files = (
				E5E60963285FA392009EAB35 /* Assets.xcassets in Resources */,
			);
			runOnlyForDeploymentPostprocessing = 0;
		};
		E5E60942285FA392009EAB35 /* Resources */ = {
			isa = PBXResourcesBuildPhase;
			buildActionMask = 2147483647;
			files = (
				E5E60964285FA392009EAB35 /* Assets.xcassets in Resources */,
			);
			runOnlyForDeploymentPostprocessing = 0;
		};
		E5E60949285FA392009EAB35 /* Resources */ = {
			isa = PBXResourcesBuildPhase;
			buildActionMask = 2147483647;
			files = (
			);
			runOnlyForDeploymentPostprocessing = 0;
		};
		E5E60955285FA392009EAB35 /* Resources */ = {
			isa = PBXResourcesBuildPhase;
			buildActionMask = 2147483647;
			files = (
			);
			runOnlyForDeploymentPostprocessing = 0;
		};
/* End PBXResourcesBuildPhase section */

/* Begin PBXSourcesBuildPhase section */
		E5E6093A285FA392009EAB35 /* Sources */ = {
			isa = PBXSourcesBuildPhase;
			buildActionMask = 2147483647;
			files = (
				E5E60961285FA392009EAB35 /* ContentView.swift in Sources */,
				E5E6095F285FA392009EAB35 /* firstApp.swift in Sources */,
			);
			runOnlyForDeploymentPostprocessing = 0;
		};
		E5E60940285FA392009EAB35 /* Sources */ = {
			isa = PBXSourcesBuildPhase;
			buildActionMask = 2147483647;
			files = (
				E5E60962285FA392009EAB35 /* ContentView.swift in Sources */,
				E5E60960285FA392009EAB35 /* firstApp.swift in Sources */,
			);
			runOnlyForDeploymentPostprocessing = 0;
		};
		E5E60947285FA392009EAB35 /* Sources */ = {
			isa = PBXSourcesBuildPhase;
			buildActionMask = 2147483647;
			files = (
				E5E60952285FA392009EAB35 /* Tests_iOSLaunchTests.swift in Sources */,
				E5E60950285FA392009EAB35 /* Tests_iOS.swift in Sources */,
			);
			runOnlyForDeploymentPostprocessing = 0;
		};
		E5E60953285FA392009EAB35 /* Sources */ = {
			isa = PBXSourcesBuildPhase;
			buildActionMask = 2147483647;
			files = (
				E5E6095E285FA392009EAB35 /* Tests_macOSLaunchTests.swift in Sources */,
				E5E6095C285FA392009EAB35 /* Tests_macOS.swift in Sources */,
			);
			runOnlyForDeploymentPostprocessing = 0;
		};
/* End PBXSourcesBuildPhase section */

/* Begin PBXTargetDependency section */
		E5E6094D285FA392009EAB35 /* PBXTargetDependency */ = {
			isa = PBXTargetDependency;
			target = E5E6093D285FA392009EAB35 /* first (iOS) */;
			targetProxy = E5E6094C285FA392009EAB35 /* PBXContainerItemProxy */;
		};
		E5E60959285FA392009EAB35 /* PBXTargetDependency */ = {
			isa = PBXTargetDependency;
			target = E5E60943285FA392009EAB35 /* first (macOS) */;
			targetProxy = E5E60958285FA392009EAB35 /* PBXContainerItemProxy */;
		};
/* End PBXTargetDependency section */

/* Begin XCBuildConfiguration section */
		E5E60965285FA392009EAB35 /* Debug */ = {
			isa = XCBuildConfiguration;
			buildSettings = {
				ALWAYS_SEARCH_USER_PATHS = NO;
				CLANG_ANALYZER_NONNULL = YES;
				CLANG_ANALYZER_NUMBER_OBJECT_CONVERSION = YES_AGGRESSIVE;
				CLANG_CXX_LANGUAGE_STANDARD = "gnu++17";
				CLANG_ENABLE_MODULES = YES;
				CLANG_ENABLE_OBJC_ARC = YES;
				CLANG_ENABLE_OBJC_WEAK = YES;
				CLANG_WARN_BLOCK_CAPTURE_AUTORELEASING = YES;
				CLANG_WARN_BOOL_CONVERSION = YES;
				CLANG_WARN_COMMA = YES;
				CLANG_WARN_CONSTANT_CONVERSION = YES;
				CLANG_WARN_DEPRECATED_OBJC_IMPLEMENTATIONS = YES;
				CLANG_WARN_DIRECT_OBJC_ISA_USAGE = YES_ERROR;
				CLANG_WARN_DOCUMENTATION_COMMENTS = YES;
				CLANG_WARN_EMPTY_BODY = YES;
				CLANG_WARN_ENUM_CONVERSION = YES;
				CLANG_WARN_INFINITE_RECURSION = YES;
				CLANG_WARN_INT_CONVERSION = YES;
				CLANG_WARN_NON_LITERAL_NULL_CONVERSION = YES;
				CLANG_WARN_OBJC_IMPLICIT_RETAIN_SELF = YES;
				CLANG_WARN_OBJC_LITERAL_CONVERSION = YES;
				CLANG_WARN_OBJC_ROOT_CLASS = YES_ERROR;
				CLANG_WARN_QUOTED_INCLUDE_IN_FRAMEWORK_HEADER = YES;
				CLANG_WARN_RANGE_LOOP_ANALYSIS = YES;
				CLANG_WARN_STRICT_PROTOTYPES = YES;
				CLANG_WARN_SUSPICIOUS_MOVE = YES;
				CLANG_WARN_UNGUARDED_AVAILABILITY = YES_AGGRESSIVE;
				CLANG_WARN_UNREACHABLE_CODE = YES;
				CLANG_WARN__DUPLICATE_METHOD_MATCH = YES;
				COPY_PHASE_STRIP = NO;
				DEBUG_INFORMATION_FORMAT = dwarf;
				ENABLE_STRICT_OBJC_MSGSEND = YES;
				ENABLE_TESTABILITY = YES;
				GCC_C_LANGUAGE_STANDARD = gnu11;
				GCC_DYNAMIC_NO_PIC = NO;
				GCC_NO_COMMON_BLOCKS = YES;
				GCC_OPTIMIZATION_LEVEL = 0;
				GCC_PREPROCESSOR_DEFINITIONS = (
					"DEBUG=1",
					"$(inherited)",
				);
				GCC_WARN_64_TO_32_BIT_CONVERSION = YES;
				GCC_WARN_ABOUT_RETURN_TYPE = YES_ERROR;
				GCC_WARN_UNDECLARED_SELECTOR = YES;
				GCC_WARN_UNINITIALIZED_AUTOS = YES_AGGRESSIVE;
				GCC_WARN_UNUSED_FUNCTION = YES;
				GCC_WARN_UNUSED_VARIABLE = YES;
				MTL_ENABLE_DEBUG_INFO = INCLUDE_SOURCE;
				MTL_FAST_MATH = YES;
				ONLY_ACTIVE_ARCH = YES;
				SWIFT_ACTIVE_COMPILATION_CONDITIONS = DEBUG;
				SWIFT_OPTIMIZATION_LEVEL = "-Onone";
			};
			name = Debug;
		};
		E5E60966285FA392009EAB35 /* Release */ = {
			isa = XCBuildConfiguration;
			buildSettings = {
				ALWAYS_SEARCH_USER_PATHS = NO;
				CLANG_ANALYZER_NONNULL = YES;
				CLANG_ANALYZER_NUMBER_OBJECT_CONVERSION = YES_AGGRESSIVE;
				CLANG_CXX_LANGUAGE_STANDARD = "gnu++17";
				CLANG_ENABLE_MODULES = YES;
				CLANG_ENABLE_OBJC_ARC = YES;
				CLANG_ENABLE_OBJC_WEAK = YES;
				CLANG_WARN_BLOCK_CAPTURE_AUTORELEASING = YES;
				CLANG_WARN_BOOL_CONVERSION = YES;
				CLANG_WARN_COMMA = YES;
				CLANG_WARN_CONSTANT_CONVERSION = YES;
				CLANG_WARN_DEPRECATED_OBJC_IMPLEMENTATIONS = YES;
				CLANG_WARN_DIRECT_OBJC_ISA_USAGE = YES_ERROR;
				CLANG_WARN_DOCUMENTATION_COMMENTS = YES;
				CLANG_WARN_EMPTY_BODY = YES;
				CLANG_WARN_ENUM_CONVERSION = YES;
				CLANG_WARN_INFINITE_RECURSION = YES;
				CLANG_WARN_INT_CONVERSION = YES;
				CLANG_WARN_NON_LITERAL_NULL_CONVERSION = YES;
				CLANG_WARN_OBJC_IMPLICIT_RETAIN_SELF = YES;
				CLANG_WARN_OBJC_LITERAL_CONVERSION = YES;
				CLANG_WARN_OBJC_ROOT_CLASS = YES_ERROR;
				CLANG_WARN_QUOTED_INCLUDE_IN_FRAMEWORK_HEADER = YES;
				CLANG_WARN_RANGE_LOOP_ANALYSIS = YES;
				CLANG_WARN_STRICT_PROTOTYPES = YES;
				CLANG_WARN_SUSPICIOUS_MOVE = YES;
				CLANG_WARN_UNGUARDED_AVAILABILITY = YES_AGGRESSIVE;
				CLANG_WARN_UNREACHABLE_CODE = YES;
				CLANG_WARN__DUPLICATE_METHOD_MATCH = YES;
				COPY_PHASE_STRIP = NO;
				DEBUG_INFORMATION_FORMAT = "dwarf-with-dsym";
				ENABLE_NS_ASSERTIONS = NO;
				ENABLE_STRICT_OBJC_MSGSEND = YES;
				GCC_C_LANGUAGE_STANDARD = gnu11;
				GCC_NO_COMMON_BLOCKS = YES;
				GCC_WARN_64_TO_32_BIT_CONVERSION = YES;
				GCC_WARN_ABOUT_RETURN_TYPE = YES_ERROR;
				GCC_WARN_UNDECLARED_SELECTOR = YES;
				GCC_WARN_UNINITIALIZED_AUTOS = YES_AGGRESSIVE;
				GCC_WARN_UNUSED_FUNCTION = YES;
				GCC_WARN_UNUSED_VARIABLE = YES;
				MTL_ENABLE_DEBUG_INFO = NO;
				MTL_FAST_MATH = YES;
				SWIFT_COMPILATION_MODE = wholemodule;
				SWIFT_OPTIMIZATION_LEVEL = "-O";
			};
			name = Release;
		};
		E5E60968285FA392009EAB35 /* Debug */ = {
			isa = XCBuildConfiguration;
			buildSettings = {
				ASSETCATALOG_COMPILER_APPICON_NAME = AppIcon;
				ASSETCATALOG_COMPILER_GLOBAL_ACCENT_COLOR_NAME = AccentColor;
				CODE_SIGN_STYLE = Automatic;
				CURRENT_PROJECT_VERSION = 1;
				ENABLE_PREVIEWS = YES;
				GENERATE_INFOPLIST_FILE = YES;
				INFOPLIST_KEY_UIApplicationSceneManifest_Generation = YES;
				INFOPLIST_KEY_UIApplicationSupportsIndirectInputEvents = YES;
				INFOPLIST_KEY_UILaunchScreen_Generation = YES;
				INFOPLIST_KEY_UISupportedInterfaceOrientations_iPad = "UIInterfaceOrientationPortrait UIInterfaceOrientationPortraitUpsideDown UIInterfaceOrientationLandscapeLeft UIInterfaceOrientationLandscapeRight";
				INFOPLIST_KEY_UISupportedInterfaceOrientations_iPhone = "UIInterfaceOrientationPortrait UIInterfaceOrientationLandscapeLeft UIInterfaceOrientationLandscapeRight";
				IPHONEOS_DEPLOYMENT_TARGET = 15.5;
				LD_RUNPATH_SEARCH_PATHS = (
					"$(inherited)",
					"@executable_path/Frameworks",
				);
				MARKETING_VERSION = 1.0;
				PRODUCT_BUNDLE_IDENTIFIER = io.serhii.first;
				PRODUCT_NAME = first;
				SDKROOT = iphoneos;
				SWIFT_EMIT_LOC_STRINGS = YES;
				SWIFT_VERSION = 5.0;
				TARGETED_DEVICE_FAMILY = "1,2";
			};
			name = Debug;
		};
		E5E60969285FA392009EAB35 /* Release */ = {
			isa = XCBuildConfiguration;
			buildSettings = {
				ASSETCATALOG_COMPILER_APPICON_NAME = AppIcon;
				ASSETCATALOG_COMPILER_GLOBAL_ACCENT_COLOR_NAME = AccentColor;
				CODE_SIGN_STYLE = Automatic;
				CURRENT_PROJECT_VERSION = 1;
				ENABLE_PREVIEWS = YES;
				GENERATE_INFOPLIST_FILE = YES;
				INFOPLIST_KEY_UIApplicationSceneManifest_Generation = YES;
				INFOPLIST_KEY_UIApplicationSupportsIndirectInputEvents = YES;
				INFOPLIST_KEY_UILaunchScreen_Generation = YES;
				INFOPLIST_KEY_UISupportedInterfaceOrientations_iPad = "UIInterfaceOrientationPortrait UIInterfaceOrientationPortraitUpsideDown UIInterfaceOrientationLandscapeLeft UIInterfaceOrientationLandscapeRight";
				INFOPLIST_KEY_UISupportedInterfaceOrientations_iPhone = "UIInterfaceOrientationPortrait UIInterfaceOrientationLandscapeLeft UIInterfaceOrientationLandscapeRight";
				IPHONEOS_DEPLOYMENT_TARGET = 15.5;
				LD_RUNPATH_SEARCH_PATHS = (
					"$(inherited)",
					"@executable_path/Frameworks",
				);
				MARKETING_VERSION = 1.0;
				PRODUCT_BUNDLE_IDENTIFIER = io.serhii.first;
				PRODUCT_NAME = first;
				SDKROOT = iphoneos;
				SWIFT_EMIT_LOC_STRINGS = YES;
				SWIFT_VERSION = 5.0;
				TARGETED_DEVICE_FAMILY = "1,2";
				VALIDATE_PRODUCT = YES;
			};
			name = Release;
		};
		E5E6096B285FA392009EAB35 /* Debug */ = {
			isa = XCBuildConfiguration;
			buildSettings = {
				ASSETCATALOG_COMPILER_APPICON_NAME = AppIcon;
				ASSETCATALOG_COMPILER_GLOBAL_ACCENT_COLOR_NAME = AccentColor;
				CODE_SIGN_ENTITLEMENTS = macOS/macOS.entitlements;
				CODE_SIGN_STYLE = Automatic;
				COMBINE_HIDPI_IMAGES = YES;
				CURRENT_PROJECT_VERSION = 1;
				ENABLE_PREVIEWS = YES;
				GENERATE_INFOPLIST_FILE = YES;
				INFOPLIST_KEY_NSHumanReadableCopyright = "";
				LD_RUNPATH_SEARCH_PATHS = (
					"$(inherited)",
					"@executable_path/../Frameworks",
				);
				MACOSX_DEPLOYMENT_TARGET = 12.3;
				MARKETING_VERSION = 1.0;
				PRODUCT_BUNDLE_IDENTIFIER = io.serhii.first;
				PRODUCT_NAME = first;
				SDKROOT = macosx;
				SWIFT_EMIT_LOC_STRINGS = YES;
				SWIFT_VERSION = 5.0;
			};
			name = Debug;
		};
		E5E6096C285FA392009EAB35 /* Release */ = {
			isa = XCBuildConfiguration;
			buildSettings = {
				ASSETCATALOG_COMPILER_APPICON_NAME = AppIcon;
				ASSETCATALOG_COMPILER_GLOBAL_ACCENT_COLOR_NAME = AccentColor;
				CODE_SIGN_ENTITLEMENTS = macOS/macOS.entitlements;
				CODE_SIGN_STYLE = Automatic;
				COMBINE_HIDPI_IMAGES = YES;
				CURRENT_PROJECT_VERSION = 1;
				ENABLE_PREVIEWS = YES;
				GENERATE_INFOPLIST_FILE = YES;
				INFOPLIST_KEY_NSHumanReadableCopyright = "";
				LD_RUNPATH_SEARCH_PATHS = (
					"$(inherited)",
					"@executable_path/../Frameworks",
				);
				MACOSX_DEPLOYMENT_TARGET = 12.3;
				MARKETING_VERSION = 1.0;
				PRODUCT_BUNDLE_IDENTIFIER = io.serhii.first;
				PRODUCT_NAME = first;
				SDKROOT = macosx;
				SWIFT_EMIT_LOC_STRINGS = YES;
				SWIFT_VERSION = 5.0;
			};
			name = Release;
		};
		E5E6096E285FA392009EAB35 /* Debug */ = {
			isa = XCBuildConfiguration;
			buildSettings = {
				ALWAYS_EMBED_SWIFT_STANDARD_LIBRARIES = YES;
				CODE_SIGN_STYLE = Automatic;
				CURRENT_PROJECT_VERSION = 1;
				GENERATE_INFOPLIST_FILE = YES;
				IPHONEOS_DEPLOYMENT_TARGET = 15.5;
				MARKETING_VERSION = 1.0;
				PRODUCT_BUNDLE_IDENTIFIER = "io.serhii.Tests-iOS";
				PRODUCT_NAME = "$(TARGET_NAME)";
				SDKROOT = iphoneos;
				SWIFT_EMIT_LOC_STRINGS = NO;
				SWIFT_VERSION = 5.0;
				TARGETED_DEVICE_FAMILY = "1,2";
				TEST_TARGET_NAME = "first (iOS)";
			};
			name = Debug;
		};
		E5E6096F285FA392009EAB35 /* Release */ = {
			isa = XCBuildConfiguration;
			buildSettings = {
				ALWAYS_EMBED_SWIFT_STANDARD_LIBRARIES = YES;
				CODE_SIGN_STYLE = Automatic;
				CURRENT_PROJECT_VERSION = 1;
				GENERATE_INFOPLIST_FILE = YES;
				IPHONEOS_DEPLOYMENT_TARGET = 15.5;
				MARKETING_VERSION = 1.0;
				PRODUCT_BUNDLE_IDENTIFIER = "io.serhii.Tests-iOS";
				PRODUCT_NAME = "$(TARGET_NAME)";
				SDKROOT = iphoneos;
				SWIFT_EMIT_LOC_STRINGS = NO;
				SWIFT_VERSION = 5.0;
				TARGETED_DEVICE_FAMILY = "1,2";
				TEST_TARGET_NAME = "first (iOS)";
				VALIDATE_PRODUCT = YES;
			};
			name = Release;
		};
		E5E60971285FA392009EAB35 /* Debug */ = {
			isa = XCBuildConfiguration;
			buildSettings = {
				ALWAYS_EMBED_SWIFT_STANDARD_LIBRARIES = YES;
				CODE_SIGN_STYLE = Automatic;
				CURRENT_PROJECT_VERSION = 1;
				GENERATE_INFOPLIST_FILE = YES;
				MACOSX_DEPLOYMENT_TARGET = 12.3;
				MARKETING_VERSION = 1.0;
				PRODUCT_BUNDLE_IDENTIFIER = "io.serhii.Tests-macOS";
				PRODUCT_NAME = "$(TARGET_NAME)";
				SDKROOT = macosx;
				SWIFT_EMIT_LOC_STRINGS = NO;
				SWIFT_VERSION = 5.0;
				TEST_TARGET_NAME = "first (macOS)";
			};
			name = Debug;
		};
		E5E60972285FA392009EAB35 /* Release */ = {
			isa = XCBuildConfiguration;
			buildSettings = {
				ALWAYS_EMBED_SWIFT_STANDARD_LIBRARIES = YES;
				CODE_SIGN_STYLE = Automatic;
				CURRENT_PROJECT_VERSION = 1;
				GENERATE_INFOPLIST_FILE = YES;
				MACOSX_DEPLOYMENT_TARGET = 12.3;
				MARKETING_VERSION = 1.0;
				PRODUCT_BUNDLE_IDENTIFIER = "io.serhii.Tests-macOS";
				PRODUCT_NAME = "$(TARGET_NAME)";
				SDKROOT = macosx;
				SWIFT_EMIT_LOC_STRINGS = NO;
				SWIFT_VERSION = 5.0;
				TEST_TARGET_NAME = "first (macOS)";
			};
			name = Release;
		};
/* End XCBuildConfiguration section */

/* Begin XCConfigurationList section */
		E5E60935285FA38F009EAB35 /* Build configuration list for PBXProject "first" */ = {
			isa = XCConfigurationList;
			buildConfigurations = (
				E5E60965285FA392009EAB35 /* Debug */,
				E5E60966285FA392009EAB35 /* Release */,
			);
			defaultConfigurationIsVisible = 0;
			defaultConfigurationName = Release;
		};
		E5E60967285FA392009EAB35 /* Build configuration list for PBXNativeTarget "first (iOS)" */ = {
			isa = XCConfigurationList;
			buildConfigurations = (
				E5E60968285FA392009EAB35 /* Debug */,
				E5E60969285FA392009EAB35 /* Release */,
			);
			defaultConfigurationIsVisible = 0;
			defaultConfigurationName = Release;
		};
		E5E6096A285FA392009EAB35 /* Build configuration list for PBXNativeTarget "first (macOS)" */ = {
			isa = XCConfigurationList;
			buildConfigurations = (
				E5E6096B285FA392009EAB35 /* Debug */,
				E5E6096C285FA392009EAB35 /* Release */,
			);
			defaultConfigurationIsVisible = 0;
			defaultConfigurationName = Release;
		};
		E5E6096D285FA392009EAB35 /* Build configuration list for PBXNativeTarget "Tests iOS" */ = {
			isa = XCConfigurationList;
			buildConfigurations = (
				E5E6096E285FA392009EAB35 /* Debug */,
				E5E6096F285FA392009EAB35 /* Release */,
			);
			defaultConfigurationIsVisible = 0;
			defaultConfigurationName = Release;
		};
		E5E60970285FA392009EAB35 /* Build configuration list for PBXNativeTarget "Tests macOS" */ = {
			isa = XCConfigurationList;
			buildConfigurations = (
				E5E60971285FA392009EAB35 /* Debug */,
				E5E60972285FA392009EAB35 /* Release */,
			);
			defaultConfigurationIsVisible = 0;
			defaultConfigurationName = Release;
		};
/* End XCConfigurationList section */
	};
	rootObject = E5E60932285FA38F009EAB35 /* Project object */;
}
