// !$*UTF8*$!
{
	archiveVersion = 1;
	classes = {
	};
	objectVersion = 56;
	objects = {

/* Begin PBXBuildFile section */
		E58B75C8292F9DF8008F7029 /* Player.swift in Sources */ = {isa = PBXBuildFile; fileRef = E58B75C7292F9DF8008F7029 /* Player.swift */; };
		E5952ED9292E54DD0092BEDE /* WarChallengeApp.swift in Sources */ = {isa = PBXBuildFile; fileRef = E5952ED8292E54DD0092BEDE /* WarChallengeApp.swift */; };
		E5952EDB292E54DD0092BEDE /* ContentView.swift in Sources */ = {isa = PBXBuildFile; fileRef = E5952EDA292E54DD0092BEDE /* ContentView.swift */; };
		E5952EDD292E54DD0092BEDE /* Assets.xcassets in Resources */ = {isa = PBXBuildFile; fileRef = E5952EDC292E54DD0092BEDE /* Assets.xcassets */; };
		E5952EE0292E54DD0092BEDE /* Preview Assets.xcassets in Resources */ = {isa = PBXBuildFile; fileRef = E5952EDF292E54DD0092BEDE /* Preview Assets.xcassets */; };
		E5D76F2529310E5200D55DE4 /* SoundManager.swift in Sources */ = {isa = PBXBuildFile; fileRef = E5D76F2429310E5200D55DE4 /* SoundManager.swift */; };
		E5D76F282931107400D55DE4 /* flip-card.mp3 in Resources */ = {isa = PBXBuildFile; fileRef = E5D76F272931107400D55DE4 /* flip-card.mp3 */; };
		E5D76F2A293111B300D55DE4 /* SoundOption.swift in Sources */ = {isa = PBXBuildFile; fileRef = E5D76F29293111B300D55DE4 /* SoundOption.swift */; };
		E5D76F2E29311FDA00D55DE4 /* complete.mp3 in Resources */ = {isa = PBXBuildFile; fileRef = E5D76F2D29311FDA00D55DE4 /* complete.mp3 */; };
		E5D76F302931214900D55DE4 /* HeaderText.swift in Sources */ = {isa = PBXBuildFile; fileRef = E5D76F2F2931214900D55DE4 /* HeaderText.swift */; };
/* End PBXBuildFile section */

/* Begin PBXFileReference section */
		E58B75C7292F9DF8008F7029 /* Player.swift */ = {isa = PBXFileReference; lastKnownFileType = sourcecode.swift; path = Player.swift; sourceTree = "<group>"; };
		E5952ED5292E54DD0092BEDE /* WarChallenge.app */ = {isa = PBXFileReference; explicitFileType = wrapper.application; includeInIndex = 0; path = WarChallenge.app; sourceTree = BUILT_PRODUCTS_DIR; };
		E5952ED8292E54DD0092BEDE /* WarChallengeApp.swift */ = {isa = PBXFileReference; lastKnownFileType = sourcecode.swift; path = WarChallengeApp.swift; sourceTree = "<group>"; };
		E5952EDA292E54DD0092BEDE /* ContentView.swift */ = {isa = PBXFileReference; lastKnownFileType = sourcecode.swift; path = ContentView.swift; sourceTree = "<group>"; };
		E5952EDC292E54DD0092BEDE /* Assets.xcassets */ = {isa = PBXFileReference; lastKnownFileType = folder.assetcatalog; path = Assets.xcassets; sourceTree = "<group>"; };
		E5952EDF292E54DD0092BEDE /* Preview Assets.xcassets */ = {isa = PBXFileReference; lastKnownFileType = folder.assetcatalog; path = "Preview Assets.xcassets"; sourceTree = "<group>"; };
		E5D76F2429310E5200D55DE4 /* SoundManager.swift */ = {isa = PBXFileReference; lastKnownFileType = sourcecode.swift; path = SoundManager.swift; sourceTree = "<group>"; };
		E5D76F272931107400D55DE4 /* flip-card.mp3 */ = {isa = PBXFileReference; lastKnownFileType = audio.mp3; path = "flip-card.mp3"; sourceTree = "<group>"; };
		E5D76F29293111B300D55DE4 /* SoundOption.swift */ = {isa = PBXFileReference; lastKnownFileType = sourcecode.swift; path = SoundOption.swift; sourceTree = "<group>"; };
		E5D76F2D29311FDA00D55DE4 /* complete.mp3 */ = {isa = PBXFileReference; lastKnownFileType = audio.mp3; path = complete.mp3; sourceTree = "<group>"; };
		E5D76F2F2931214900D55DE4 /* HeaderText.swift */ = {isa = PBXFileReference; lastKnownFileType = sourcecode.swift; path = HeaderText.swift; sourceTree = "<group>"; };
/* End PBXFileReference section */

/* Begin PBXFrameworksBuildPhase section */
		E5952ED2292E54DD0092BEDE /* Frameworks */ = {
			isa = PBXFrameworksBuildPhase;
			buildActionMask = 2147483647;
			files = (
			);
			runOnlyForDeploymentPostprocessing = 0;
		};
/* End PBXFrameworksBuildPhase section */

/* Begin PBXGroup section */
		E5952ECC292E54DC0092BEDE = {
			isa = PBXGroup;
			children = (
				E5952ED7292E54DD0092BEDE /* WarChallenge */,
				E5952ED6292E54DD0092BEDE /* Products */,
			);
			sourceTree = "<group>";
		};
		E5952ED6292E54DD0092BEDE /* Products */ = {
			isa = PBXGroup;
			children = (
				E5952ED5292E54DD0092BEDE /* WarChallenge.app */,
			);
			name = Products;
			sourceTree = "<group>";
		};
		E5952ED7292E54DD0092BEDE /* WarChallenge */ = {
			isa = PBXGroup;
			children = (
				E5952ED8292E54DD0092BEDE /* WarChallengeApp.swift */,
				E5952EDA292E54DD0092BEDE /* ContentView.swift */,
				E58B75C7292F9DF8008F7029 /* Player.swift */,
				E5D76F2429310E5200D55DE4 /* SoundManager.swift */,
				E5D76F29293111B300D55DE4 /* SoundOption.swift */,
				E5D76F262931103300D55DE4 /* Sounds */,
				E5952EDC292E54DD0092BEDE /* Assets.xcassets */,
				E5952EDE292E54DD0092BEDE /* Preview Content */,
				E5D76F2F2931214900D55DE4 /* HeaderText.swift */,
			);
			path = WarChallenge;
			sourceTree = "<group>";
		};
		E5952EDE292E54DD0092BEDE /* Preview Content */ = {
			isa = PBXGroup;
			children = (
				E5952EDF292E54DD0092BEDE /* Preview Assets.xcassets */,
			);
			path = "Preview Content";
			sourceTree = "<group>";
		};
		E5D76F262931103300D55DE4 /* Sounds */ = {
			isa = PBXGroup;
			children = (
				E5D76F272931107400D55DE4 /* flip-card.mp3 */,
				E5D76F2D29311FDA00D55DE4 /* complete.mp3 */,
			);
			path = Sounds;
			sourceTree = "<group>";
		};
/* End PBXGroup section */

/* Begin PBXNativeTarget section */
		E5952ED4292E54DD0092BEDE /* WarChallenge */ = {
			isa = PBXNativeTarget;
			buildConfigurationList = E5952EE3292E54DD0092BEDE /* Build configuration list for PBXNativeTarget "WarChallenge" */;
			buildPhases = (
				E5952ED1292E54DD0092BEDE /* Sources */,
				E5952ED2292E54DD0092BEDE /* Frameworks */,
				E5952ED3292E54DD0092BEDE /* Resources */,
			);
			buildRules = (
			);
			dependencies = (
			);
			name = WarChallenge;
			productName = WarChallenge;
			productReference = E5952ED5292E54DD0092BEDE /* WarChallenge.app */;
			productType = "com.apple.product-type.application";
		};
/* End PBXNativeTarget section */

/* Begin PBXProject section */
		E5952ECD292E54DC0092BEDE /* Project object */ = {
			isa = PBXProject;
			attributes = {
				BuildIndependentTargetsInParallel = 1;
				LastSwiftUpdateCheck = 1410;
				LastUpgradeCheck = 1410;
				TargetAttributes = {
					E5952ED4292E54DD0092BEDE = {
						CreatedOnToolsVersion = 14.1;
					};
				};
			};
			buildConfigurationList = E5952ED0292E54DC0092BEDE /* Build configuration list for PBXProject "WarChallenge" */;
			compatibilityVersion = "Xcode 14.0";
			developmentRegion = en;
			hasScannedForEncodings = 0;
			knownRegions = (
				en,
				Base,
			);
			mainGroup = E5952ECC292E54DC0092BEDE;
			productRefGroup = E5952ED6292E54DD0092BEDE /* Products */;
			projectDirPath = "";
			projectRoot = "";
			targets = (
				E5952ED4292E54DD0092BEDE /* WarChallenge */,
			);
		};
/* End PBXProject section */

/* Begin PBXResourcesBuildPhase section */
		E5952ED3292E54DD0092BEDE /* Resources */ = {
			isa = PBXResourcesBuildPhase;
			buildActionMask = 2147483647;
			files = (
				E5952EE0292E54DD0092BEDE /* Preview Assets.xcassets in Resources */,
				E5952EDD292E54DD0092BEDE /* Assets.xcassets in Resources */,
				E5D76F282931107400D55DE4 /* flip-card.mp3 in Resources */,
				E5D76F2E29311FDA00D55DE4 /* complete.mp3 in Resources */,
			);
			runOnlyForDeploymentPostprocessing = 0;
		};
/* End PBXResourcesBuildPhase section */

/* Begin PBXSourcesBuildPhase section */
		E5952ED1292E54DD0092BEDE /* Sources */ = {
			isa = PBXSourcesBuildPhase;
			buildActionMask = 2147483647;
			files = (
				E5952EDB292E54DD0092BEDE /* ContentView.swift in Sources */,
				E5D76F2529310E5200D55DE4 /* SoundManager.swift in Sources */,
				E58B75C8292F9DF8008F7029 /* Player.swift in Sources */,
				E5D76F2A293111B300D55DE4 /* SoundOption.swift in Sources */,
				E5952ED9292E54DD0092BEDE /* WarChallengeApp.swift in Sources */,
				E5D76F302931214900D55DE4 /* HeaderText.swift in Sources */,
			);
			runOnlyForDeploymentPostprocessing = 0;
		};
/* End PBXSourcesBuildPhase section */

/* Begin XCBuildConfiguration section */
		E5952EE1292E54DD0092BEDE /* Debug */ = {
			isa = XCBuildConfiguration;
			buildSettings = {
				ALWAYS_SEARCH_USER_PATHS = NO;
				CLANG_ANALYZER_NONNULL = YES;
				CLANG_ANALYZER_NUMBER_OBJECT_CONVERSION = YES_AGGRESSIVE;
				CLANG_CXX_LANGUAGE_STANDARD = "gnu++20";
				CLANG_ENABLE_MODULES = YES;
				CLANG_ENABLE_OBJC_ARC = YES;
				CLANG_ENABLE_OBJC_WEAK = YES;
				CLANG_WARN_BLOCK_CAPTURE_AUTORELEASING = YES;
				CLANG_WARN_BOOL_CONVERSION = YES;
				CLANG_WARN_COMMA = YES;
				CLANG_WARN_CONSTANT_CONVERSION = YES;
				CLANG_WARN_DEPRECATED_OBJC_IMPLEMENTATIONS = YES;
				CLANG_WARN_DIRECT_OBJC_ISA_USAGE = YES_ERROR;
				CLANG_WARN_DOCUMENTATION_COMMENTS = YES;
				CLANG_WARN_EMPTY_BODY = YES;
				CLANG_WARN_ENUM_CONVERSION = YES;
				CLANG_WARN_INFINITE_RECURSION = YES;
				CLANG_WARN_INT_CONVERSION = YES;
				CLANG_WARN_NON_LITERAL_NULL_CONVERSION = YES;
				CLANG_WARN_OBJC_IMPLICIT_RETAIN_SELF = YES;
				CLANG_WARN_OBJC_LITERAL_CONVERSION = YES;
				CLANG_WARN_OBJC_ROOT_CLASS = YES_ERROR;
				CLANG_WARN_QUOTED_INCLUDE_IN_FRAMEWORK_HEADER = YES;
				CLANG_WARN_RANGE_LOOP_ANALYSIS = YES;
				CLANG_WARN_STRICT_PROTOTYPES = YES;
				CLANG_WARN_SUSPICIOUS_MOVE = YES;
				CLANG_WARN_UNGUARDED_AVAILABILITY = YES_AGGRESSIVE;
				CLANG_WARN_UNREACHABLE_CODE = YES;
				CLANG_WARN__DUPLICATE_METHOD_MATCH = YES;
				COPY_PHASE_STRIP = NO;
				DEBUG_INFORMATION_FORMAT = dwarf;
				ENABLE_STRICT_OBJC_MSGSEND = YES;
				ENABLE_TESTABILITY = YES;
				GCC_C_LANGUAGE_STANDARD = gnu11;
				GCC_DYNAMIC_NO_PIC = NO;
				GCC_NO_COMMON_BLOCKS = YES;
				GCC_OPTIMIZATION_LEVEL = 0;
				GCC_PREPROCESSOR_DEFINITIONS = (
					"DEBUG=1",
					"$(inherited)",
				);
				GCC_WARN_64_TO_32_BIT_CONVERSION = YES;
				GCC_WARN_ABOUT_RETURN_TYPE = YES_ERROR;
				GCC_WARN_UNDECLARED_SELECTOR = YES;
				GCC_WARN_UNINITIALIZED_AUTOS = YES_AGGRESSIVE;
				GCC_WARN_UNUSED_FUNCTION = YES;
				GCC_WARN_UNUSED_VARIABLE = YES;
				IPHONEOS_DEPLOYMENT_TARGET = 16.1;
				MTL_ENABLE_DEBUG_INFO = INCLUDE_SOURCE;
				MTL_FAST_MATH = YES;
				ONLY_ACTIVE_ARCH = YES;
				SDKROOT = iphoneos;
				SWIFT_ACTIVE_COMPILATION_CONDITIONS = DEBUG;
				SWIFT_OPTIMIZATION_LEVEL = "-Onone";
			};
			name = Debug;
		};
		E5952EE2292E54DD0092BEDE /* Release */ = {
			isa = XCBuildConfiguration;
			buildSettings = {
				ALWAYS_SEARCH_USER_PATHS = NO;
				CLANG_ANALYZER_NONNULL = YES;
				CLANG_ANALYZER_NUMBER_OBJECT_CONVERSION = YES_AGGRESSIVE;
				CLANG_CXX_LANGUAGE_STANDARD = "gnu++20";
				CLANG_ENABLE_MODULES = YES;
				CLANG_ENABLE_OBJC_ARC = YES;
				CLANG_ENABLE_OBJC_WEAK = YES;
				CLANG_WARN_BLOCK_CAPTURE_AUTORELEASING = YES;
				CLANG_WARN_BOOL_CONVERSION = YES;
				CLANG_WARN_COMMA = YES;
				CLANG_WARN_CONSTANT_CONVERSION = YES;
				CLANG_WARN_DEPRECATED_OBJC_IMPLEMENTATIONS = YES;
				CLANG_WARN_DIRECT_OBJC_ISA_USAGE = YES_ERROR;
				CLANG_WARN_DOCUMENTATION_COMMENTS = YES;
				CLANG_WARN_EMPTY_BODY = YES;
				CLANG_WARN_ENUM_CONVERSION = YES;
				CLANG_WARN_INFINITE_RECURSION = YES;
				CLANG_WARN_INT_CONVERSION = YES;
				CLANG_WARN_NON_LITERAL_NULL_CONVERSION = YES;
				CLANG_WARN_OBJC_IMPLICIT_RETAIN_SELF = YES;
				CLANG_WARN_OBJC_LITERAL_CONVERSION = YES;
				CLANG_WARN_OBJC_ROOT_CLASS = YES_ERROR;
				CLANG_WARN_QUOTED_INCLUDE_IN_FRAMEWORK_HEADER = YES;
				CLANG_WARN_RANGE_LOOP_ANALYSIS = YES;
				CLANG_WARN_STRICT_PROTOTYPES = YES;
				CLANG_WARN_SUSPICIOUS_MOVE = YES;
				CLANG_WARN_UNGUARDED_AVAILABILITY = YES_AGGRESSIVE;
				CLANG_WARN_UNREACHABLE_CODE = YES;
				CLANG_WARN__DUPLICATE_METHOD_MATCH = YES;
				COPY_PHASE_STRIP = NO;
				DEBUG_INFORMATION_FORMAT = "dwarf-with-dsym";
				ENABLE_NS_ASSERTIONS = NO;
				ENABLE_STRICT_OBJC_MSGSEND = YES;
				GCC_C_LANGUAGE_STANDARD = gnu11;
				GCC_NO_COMMON_BLOCKS = YES;
				GCC_WARN_64_TO_32_BIT_CONVERSION = YES;
				GCC_WARN_ABOUT_RETURN_TYPE = YES_ERROR;
				GCC_WARN_UNDECLARED_SELECTOR = YES;
				GCC_WARN_UNINITIALIZED_AUTOS = YES_AGGRESSIVE;
				GCC_WARN_UNUSED_FUNCTION = YES;
				GCC_WARN_UNUSED_VARIABLE = YES;
				IPHONEOS_DEPLOYMENT_TARGET = 16.1;
				MTL_ENABLE_DEBUG_INFO = NO;
				MTL_FAST_MATH = YES;
				SDKROOT = iphoneos;
				SWIFT_COMPILATION_MODE = wholemodule;
				SWIFT_OPTIMIZATION_LEVEL = "-O";
				VALIDATE_PRODUCT = YES;
			};
			name = Release;
		};
		E5952EE4292E54DD0092BEDE /* Debug */ = {
			isa = XCBuildConfiguration;
			buildSettings = {
				ASSETCATALOG_COMPILER_APPICON_NAME = AppIcon;
				ASSETCATALOG_COMPILER_GLOBAL_ACCENT_COLOR_NAME = AccentColor;
				CODE_SIGN_STYLE = Automatic;
				CURRENT_PROJECT_VERSION = 1;
				DEVELOPMENT_ASSET_PATHS = "\"WarChallenge/Preview Content\"";
				DEVELOPMENT_TEAM = R948DJ32BN;
				ENABLE_PREVIEWS = YES;
				GENERATE_INFOPLIST_FILE = YES;
				INFOPLIST_KEY_CFBundleDisplayName = "War Challenge";
				INFOPLIST_KEY_UIApplicationSceneManifest_Generation = YES;
				INFOPLIST_KEY_UIApplicationSupportsIndirectInputEvents = YES;
				INFOPLIST_KEY_UILaunchScreen_Generation = YES;
				INFOPLIST_KEY_UISupportedInterfaceOrientations = UIInterfaceOrientationPortrait;
				LD_RUNPATH_SEARCH_PATHS = (
					"$(inherited)",
					"@executable_path/Frameworks",
				);
				MARKETING_VERSION = 1.0;
				PRODUCT_BUNDLE_IDENTIFIER = io.serhii.WarChallenge;
				PRODUCT_NAME = "$(TARGET_NAME)";
				SUPPORTED_PLATFORMS = "iphoneos iphonesimulator";
				SUPPORTS_MACCATALYST = NO;
				SUPPORTS_MAC_DESIGNED_FOR_IPHONE_IPAD = NO;
				SWIFT_EMIT_LOC_STRINGS = YES;
				SWIFT_VERSION = 5.0;
				TARGETED_DEVICE_FAMILY = "1,2";
			};
			name = Debug;
		};
		E5952EE5292E54DD0092BEDE /* Release */ = {
			isa = XCBuildConfiguration;
			buildSettings = {
				ASSETCATALOG_COMPILER_APPICON_NAME = AppIcon;
				ASSETCATALOG_COMPILER_GLOBAL_ACCENT_COLOR_NAME = AccentColor;
				CODE_SIGN_STYLE = Automatic;
				CURRENT_PROJECT_VERSION = 1;
				DEVELOPMENT_ASSET_PATHS = "\"WarChallenge/Preview Content\"";
				DEVELOPMENT_TEAM = R948DJ32BN;
				ENABLE_PREVIEWS = YES;
				GENERATE_INFOPLIST_FILE = YES;
				INFOPLIST_KEY_CFBundleDisplayName = "War Challenge";
				INFOPLIST_KEY_UIApplicationSceneManifest_Generation = YES;
				INFOPLIST_KEY_UIApplicationSupportsIndirectInputEvents = YES;
				INFOPLIST_KEY_UILaunchScreen_Generation = YES;
				INFOPLIST_KEY_UISupportedInterfaceOrientations = UIInterfaceOrientationPortrait;
				LD_RUNPATH_SEARCH_PATHS = (
					"$(inherited)",
					"@executable_path/Frameworks",
				);
				MARKETING_VERSION = 1.0;
				PRODUCT_BUNDLE_IDENTIFIER = io.serhii.WarChallenge;
				PRODUCT_NAME = "$(TARGET_NAME)";
				SUPPORTED_PLATFORMS = "iphoneos iphonesimulator";
				SUPPORTS_MACCATALYST = NO;
				SUPPORTS_MAC_DESIGNED_FOR_IPHONE_IPAD = NO;
				SWIFT_EMIT_LOC_STRINGS = YES;
				SWIFT_VERSION = 5.0;
				TARGETED_DEVICE_FAMILY = "1,2";
			};
			name = Release;
		};
/* End XCBuildConfiguration section */

/* Begin XCConfigurationList section */
		E5952ED0292E54DC0092BEDE /* Build configuration list for PBXProject "WarChallenge" */ = {
			isa = XCConfigurationList;
			buildConfigurations = (
				E5952EE1292E54DD0092BEDE /* Debug */,
				E5952EE2292E54DD0092BEDE /* Release */,
			);
			defaultConfigurationIsVisible = 0;
			defaultConfigurationName = Release;
		};
		E5952EE3292E54DD0092BEDE /* Build configuration list for PBXNativeTarget "WarChallenge" */ = {
			isa = XCConfigurationList;
			buildConfigurations = (
				E5952EE4292E54DD0092BEDE /* Debug */,
				E5952EE5292E54DD0092BEDE /* Release */,
			);
			defaultConfigurationIsVisible = 0;
			defaultConfigurationName = Release;
		};
/* End XCConfigurationList section */
	};
	rootObject = E5952ECD292E54DC0092BEDE /* Project object */;
}
