# THIS IS AN AUTOGENERATED FILE. DO NOT EDIT THIS FILE DIRECTLY.
# yarn lockfile v1


vue@0.11:
  version "0.11.10"
  resolved "https://registry.yarnpkg.com/vue/-/vue-0.11.10.tgz#2395fb2735e49ab676a832f0db9950b10660b578"
  integrity sha512-bgrfCpbgm3cPKgYhHOOvPoVi9YD5E4OABQbJJqk/N0jC79gmgffCoAkRwN8VgNX7whWZLKwjQ7KbZ5wi4lZtCQ==
