filippo.io/edwards25519 v1.1.0 h1:FNf4tywRC1HmFuKW5xopWpigGjJKiJSV0Cqo0cJWDaA=
filippo.io/edwards25519 v1.1.0/go.mod h1:BxyFTGdWcka3PhytdK4V28tE5sGfRvvvRV7EaN4VDT4=
github.com/go-sql-driver/mysql v1.7.1 h1:lUIinVbN1DY0xBg0eMOzmmtGoHwWBbvnWubQUrtU8EI=
github.com/go-sql-driver/mysql v1.7.1/go.mod h1:OXbVy3sEdcQ2Doequ6Z5BW6fXNQTmx+9S1MCJN5yJMI=
github.com/go-sql-driver/mysql v1.8.0 h1:UtktXaU2Nb64z/pLiGIxY4431SJ4/dR5cjMmlVHgnT4=
github.com/go-sql-driver/mysql v1.8.0/go.mod h1:wEBSXgmK//2ZFJyE+qWnIsVGmvmEKlqwuVSjsCm7DZg=
github.com/gorilla/mux v1.8.1 h1:TuBL49tXwgrFYWhqrNgrUNEY92u81SPhu7sTdzQEiWY=
github.com/gorilla/mux v1.8.1/go.mod h1:AKf9I4AEqPTmMytcMc0KkNouC66V3BtZ4qD5fmWSiMQ=
github.com/textwire/textwire v0.0.7 h1:ad7PhB8pcgu7L2H9eEBugsFgHLMkXB1XVjEIoRd9d1s=
github.com/textwire/textwire v0.0.7/go.mod h1:dHuWbkLWabvSH/nxF934qsP1fUwPqpeCzuQowiD6eW0=
github.com/textwire/textwire v0.1.0 h1:U7kOKQIXMcSq3ZYIOwtrkx33+mWCzVOQKb0V3Y153L0=
github.com/textwire/textwire v0.1.0/go.mod h1:dHuWbkLWabvSH/nxF934qsP1fUwPqpeCzuQowiD6eW0=
github.com/textwire/textwire v0.1.1 h1:JWczHfYljVedtSqHqbBKc1ihiunsJkhVg7y3KvEuKpo=
github.com/textwire/textwire v0.1.1/go.mod h1:dHuWbkLWabvSH/nxF934qsP1fUwPqpeCzuQowiD6eW0=
github.com/textwire/textwire v1.3.0 h1:baGoM92aHx6XecASOI/hDClJyEQYUpu8fbPfFh+yj7U=
github.com/textwire/textwire v1.3.0/go.mod h1:dHuWbkLWabvSH/nxF934qsP1fUwPqpeCzuQowiD6eW0=
github.com/textwire/textwire v1.4.1 h1:yhNbfmpCW+/nB1/SVLCbNUl5QifHIFptBPeHZqNTlY8=
github.com/textwire/textwire v1.4.1/go.mod h1:dHuWbkLWabvSH/nxF934qsP1fUwPqpeCzuQowiD6eW0=
