github.com/textwire/textwire/v3 v3.0.0 h1:eVBEY2NYoIJWUcyesjHQBwWtDB5XGeCM6rbGMwHnE5M=
github.com/textwire/textwire/v3 v3.0.0/go.mod h1:GXDm8iNiwU5pf55GLz5FyRIsZnktpYm9/wEuQv4Lq0Y=
github.com/textwire/textwire/v3 v3.0.1 h1:v5X1/LHLZ7kkN8UFU2mejzUlU24PdeuYMNhYrsKo7AM=
github.com/textwire/textwire/v3 v3.0.1/go.mod h1:GXDm8iNiwU5pf55GLz5FyRIsZnktpYm9/wEuQv4Lq0Y=
