github.com/textwire/textwire v0.0.1 h1:JWRH4T007S/+IJ2wbeBrYLjowtA03U8yjGDPKsaOh0k=
github.com/textwire/textwire v0.0.1/go.mod h1:Ipz57cBkOGOqL0QkWjBjkoQsAZGXcLr6BBFuierPbV8=
github.com/textwire/textwire v0.0.3 h1:W1BG84sSBBV+GMHfNjByqYpQMUt2AhbTx8Fkx9BGpf8=
github.com/textwire/textwire v0.0.3/go.mod h1:HZy/lqRTgOrr+aiCYvLXlIOzze6R01MX4bLUyJyczao=
